
Microsoft Visual Studio Solution File, Format Version 12.00
# Visual Studio Version 16
VisualStudioVersion = 16.0.30717.126
MinimumVisualStudioVersion = 10.0.40219.1
Project("{8BC9CEB8-8B4A-11D0-8D11-00A0C91BC942}") = "ch07LAB04", "ch07LAB04\ch07LAB04.vcxproj", "{FC48EE2D-0C40-41F9-9F90-1D003B58FE06}"
EndProject
Global
	GlobalSection(SolutionConfigurationPlatforms) = preSolution
		Debug|x64 = Debug|x64
		Debug|x86 = Debug|x86
		Release|x64 = Release|x64
		Release|x86 = Release|x86
	EndGlobalSection
	GlobalSection(ProjectConfigurationPlatforms) = postSolution
		{FC48EE2D-0C40-41F9-9F90-1D003B58FE06}.Debug|x64.ActiveCfg = Debug|x64
		{FC48EE2D-0C40-41F9-9F90-1D003B58FE06}.Debug|x64.Build.0 = Debug|x64
		{FC48EE2D-0C40-41F9-9F90-1D003B58FE06}.Debug|x86.ActiveCfg = Debug|Win32
		{FC48EE2D-0C40-41F9-9F90-1D003B58FE06}.Debug|x86.Build.0 = Debug|Win32
		{FC48EE2D-0C40-41F9-9F90-1D003B58FE06}.Release|x64.ActiveCfg = Release|x64
		{FC48EE2D-0C40-41F9-9F90-1D003B58FE06}.Release|x64.Build.0 = Release|x64
		{FC48EE2D-0C40-41F9-9F90-1D003B58FE06}.Release|x86.ActiveCfg = Release|Win32
		{FC48EE2D-0C40-41F9-9F90-1D003B58FE06}.Release|x86.Build.0 = Release|Win32
	EndGlobalSection
	GlobalSection(SolutionProperties) = preSolution
		HideSolutionNode = FALSE
	EndGlobalSection
	GlobalSection(ExtensibilityGlobals) = postSolution
		SolutionGuid = {3AF17761-7170-4B0F-9D74-E85C812751D5}
	EndGlobalSection
EndGlobal
