
Microsoft Visual Studio Solution File, Format Version 12.00
# Visual Studio Version 16
VisualStudioVersion = 16.0.30717.126
MinimumVisualStudioVersion = 10.0.40219.1
Project("{8BC9CEB8-8B4A-11D0-8D11-00A0C91BC942}") = "ch07-1", "ch07-1\ch07-1.vcxproj", "{EEFAF0A7-5D9B-4DB3-AD84-B487A3A02415}"
EndProject
Global
	GlobalSection(SolutionConfigurationPlatforms) = preSolution
		Debug|x64 = Debug|x64
		Debug|x86 = Debug|x86
		Release|x64 = Release|x64
		Release|x86 = Release|x86
	EndGlobalSection
	GlobalSection(ProjectConfigurationPlatforms) = postSolution
		{EEFAF0A7-5D9B-4DB3-AD84-B487A3A02415}.Debug|x64.ActiveCfg = Debug|x64
		{EEFAF0A7-5D9B-4DB3-AD84-B487A3A02415}.Debug|x64.Build.0 = Debug|x64
		{EEFAF0A7-5D9B-4DB3-AD84-B487A3A02415}.Debug|x86.ActiveCfg = Debug|Win32
		{EEFAF0A7-5D9B-4DB3-AD84-B487A3A02415}.Debug|x86.Build.0 = Debug|Win32
		{EEFAF0A7-5D9B-4DB3-AD84-B487A3A02415}.Release|x64.ActiveCfg = Release|x64
		{EEFAF0A7-5D9B-4DB3-AD84-B487A3A02415}.Release|x64.Build.0 = Release|x64
		{EEFAF0A7-5D9B-4DB3-AD84-B487A3A02415}.Release|x86.ActiveCfg = Release|Win32
		{EEFAF0A7-5D9B-4DB3-AD84-B487A3A02415}.Release|x86.Build.0 = Release|Win32
	EndGlobalSection
	GlobalSection(SolutionProperties) = preSolution
		HideSolutionNode = FALSE
	EndGlobalSection
	GlobalSection(ExtensibilityGlobals) = postSolution
		SolutionGuid = {5E8224C8-B076-408A-9C26-7B75CB2F9374}
	EndGlobalSection
EndGlobal
