
Microsoft Visual Studio Solution File, Format Version 12.00
# Visual Studio Version 16
VisualStudioVersion = 16.0.30717.126
MinimumVisualStudioVersion = 10.0.40219.1
Project("{8BC9CEB8-8B4A-11D0-8D11-00A0C91BC942}") = "ch08-09", "ch08-09\ch08-09.vcxproj", "{2708F793-2DAB-4AF0-8F31-145D443B7A72}"
EndProject
Global
	GlobalSection(SolutionConfigurationPlatforms) = preSolution
		Debug|x64 = Debug|x64
		Debug|x86 = Debug|x86
		Release|x64 = Release|x64
		Release|x86 = Release|x86
	EndGlobalSection
	GlobalSection(ProjectConfigurationPlatforms) = postSolution
		{2708F793-2DAB-4AF0-8F31-145D443B7A72}.Debug|x64.ActiveCfg = Debug|x64
		{2708F793-2DAB-4AF0-8F31-145D443B7A72}.Debug|x64.Build.0 = Debug|x64
		{2708F793-2DAB-4AF0-8F31-145D443B7A72}.Debug|x86.ActiveCfg = Debug|Win32
		{2708F793-2DAB-4AF0-8F31-145D443B7A72}.Debug|x86.Build.0 = Debug|Win32
		{2708F793-2DAB-4AF0-8F31-145D443B7A72}.Release|x64.ActiveCfg = Release|x64
		{2708F793-2DAB-4AF0-8F31-145D443B7A72}.Release|x64.Build.0 = Release|x64
		{2708F793-2DAB-4AF0-8F31-145D443B7A72}.Release|x86.ActiveCfg = Release|Win32
		{2708F793-2DAB-4AF0-8F31-145D443B7A72}.Release|x86.Build.0 = Release|Win32
	EndGlobalSection
	GlobalSection(SolutionProperties) = preSolution
		HideSolutionNode = FALSE
	EndGlobalSection
	GlobalSection(ExtensibilityGlobals) = postSolution
		SolutionGuid = {DE37B4A1-F5A8-4A4A-B1E2-4C4F14E0DC2A}
	EndGlobalSection
EndGlobal
