//file: sumpointer.c
#define_CRT_SECURE_NO_WARNINGS
#include <stdio.h>

int main(void)
{
	double x, y;
	double* px = &x;
	double* py = &y;

	printf("두 실수 입력:");
	scanf("%lf %lf", ______________, _______________);
	printf("%.2f + %.2f = %.2f\n", __________, ____________, ____________);

	return 0;
}
