
Microsoft Visual Studio Solution File, Format Version 12.00
# Visual Studio Version 16
VisualStudioVersion = 16.0.30717.126
MinimumVisualStudioVersion = 10.0.40219.1
Project("{8BC9CEB8-8B4A-11D0-8D11-00A0C91BC942}") = "ch09-03", "ch09-03\ch09-03.vcxproj", "{A8B8C243-A535-4953-A6FC-9FB7F393B80D}"
EndProject
Global
	GlobalSection(SolutionConfigurationPlatforms) = preSolution
		Debug|x64 = Debug|x64
		Debug|x86 = Debug|x86
		Release|x64 = Release|x64
		Release|x86 = Release|x86
	EndGlobalSection
	GlobalSection(ProjectConfigurationPlatforms) = postSolution
		{A8B8C243-A535-4953-A6FC-9FB7F393B80D}.Debug|x64.ActiveCfg = Debug|x64
		{A8B8C243-A535-4953-A6FC-9FB7F393B80D}.Debug|x64.Build.0 = Debug|x64
		{A8B8C243-A535-4953-A6FC-9FB7F393B80D}.Debug|x86.ActiveCfg = Debug|Win32
		{A8B8C243-A535-4953-A6FC-9FB7F393B80D}.Debug|x86.Build.0 = Debug|Win32
		{A8B8C243-A535-4953-A6FC-9FB7F393B80D}.Release|x64.ActiveCfg = Release|x64
		{A8B8C243-A535-4953-A6FC-9FB7F393B80D}.Release|x64.Build.0 = Release|x64
		{A8B8C243-A535-4953-A6FC-9FB7F393B80D}.Release|x86.ActiveCfg = Release|Win32
		{A8B8C243-A535-4953-A6FC-9FB7F393B80D}.Release|x86.Build.0 = Release|Win32
	EndGlobalSection
	GlobalSection(SolutionProperties) = preSolution
		HideSolutionNode = FALSE
	EndGlobalSection
	GlobalSection(ExtensibilityGlobals) = postSolution
		SolutionGuid = {A7DA2300-249E-40C2-A9CF-5E28F34C3B6B}
	EndGlobalSection
EndGlobal
